// !$*UTF8*$!
{
	archiveVersion = 1;
	classes = {
	};
	objectVersion = 50;
	objects = {

/* Begin PBXBuildFile section */
		0B3131032637F9F3004E044D /* HelloDemoAppApp.swift in Sources */ = {isa = PBXBuildFile; fileRef = 0B3131022637F9F3004E044D /* HelloDemoAppApp.swift */; };
		0B3131052637F9F3004E044D /* ContentView.swift in Sources */ = {isa = PBXBuildFile; fileRef = 0B3131042637F9F3004E044D /* ContentView.swift */; };
		0B3131072637FA00004E044D /* Assets.xcassets in Resources */ = {isa = PBXBuildFile; fileRef = 0B3131062637FA00004E044D /* Assets.xcassets */; };
		0B31310A2637FA00004E044D /* Preview Assets.xcassets in Resources */ = {isa = PBXBuildFile; fileRef = 0B3131092637FA00004E044D /* Preview Assets.xcassets */; };
		0B3131152637FA01004E044D /* HelloDemoAppTests.swift in Sources */ = {isa = PBXBuildFile; fileRef = 0B3131142637FA01004E044D /* HelloDemoAppTests.swift */; };
		0B3131202637FA01004E044D /* HelloDemoAppUITests.swift in Sources */ = {isa = PBXBuildFile; fileRef = 0B31311F2637FA01004E044D /* HelloDemoAppUITests.swift */; };
/* End PBXBuildFile section */

/* Begin PBXContainerItemProxy section */
		0B3131112637FA01004E044D /* PBXContainerItemProxy */ = {
			isa = PBXContainerItemProxy;
			containerPortal = 0B3130F72637F9F3004E044D /* Project object */;
			proxyType = 1;
			remoteGlobalIDString = 0B3130FE2637F9F3004E044D;
			remoteInfo = HelloDemoApp;
		};
		0B31311C2637FA01004E044D /* PBXContainerItemProxy */ = {
			isa = PBXContainerItemProxy;
			containerPortal = 0B3130F72637F9F3004E044D /* Project object */;
			proxyType = 1;
			remoteGlobalIDString = 0B3130FE2637F9F3004E044D;
			remoteInfo = HelloDemoApp;
		};
/* End PBXContainerItemProxy section */

/* Begin PBXFileReference section */
		0B3130FF2637F9F3004E044D /* HelloDemoApp.app */ = {isa = PBXFileReference; explicitFileType = wrapper.application; includeInIndex = 0; path = HelloDemoApp.app; sourceTree = BUILT_PRODUCTS_DIR; };
		0B3131022637F9F3004E044D /* HelloDemoAppApp.swift */ = {isa = PBXFileReference; lastKnownFileType = sourcecode.swift; path = HelloDemoAppApp.swift; sourceTree = "<group>"; };
		0B3131042637F9F3004E044D /* ContentView.swift */ = {isa = PBXFileReference; lastKnownFileType = sourcecode.swift; path = ContentView.swift; sourceTree = "<group>"; };
		0B3131062637FA00004E044D /* Assets.xcassets */ = {isa = PBXFileReference; lastKnownFileType = folder.assetcatalog; path = Assets.xcassets; sourceTree = "<group>"; };
		0B3131092637FA00004E044D /* Preview Assets.xcassets */ = {isa = PBXFileReference; lastKnownFileType = folder.assetcatalog; path = "Preview Assets.xcassets"; sourceTree = "<group>"; };
		0B31310B2637FA00004E044D /* Info.plist */ = {isa = PBXFileReference; lastKnownFileType = text.plist.xml; path = Info.plist; sourceTree = "<group>"; };
		0B3131102637FA01004E044D /* HelloDemoAppTests.xctest */ = {isa = PBXFileReference; explicitFileType = wrapper.cfbundle; includeInIndex = 0; path = HelloDemoAppTests.xctest; sourceTree = BUILT_PRODUCTS_DIR; };
		0B3131142637FA01004E044D /* HelloDemoAppTests.swift */ = {isa = PBXFileReference; lastKnownFileType = sourcecode.swift; path = HelloDemoAppTests.swift; sourceTree = "<group>"; };
		0B3131162637FA01004E044D /* Info.plist */ = {isa = PBXFileReference; lastKnownFileType = text.plist.xml; path = Info.plist; sourceTree = "<group>"; };
		0B31311B2637FA01004E044D /* HelloDemoAppUITests.xctest */ = {isa = PBXFileReference; explicitFileType = wrapper.cfbundle; includeInIndex = 0; path = HelloDemoAppUITests.xctest; sourceTree = BUILT_PRODUCTS_DIR; };
		0B31311F2637FA01004E044D /* HelloDemoAppUITests.swift */ = {isa = PBXFileReference; lastKnownFileType = sourcecode.swift; path = HelloDemoAppUITests.swift; sourceTree = "<group>"; };
		0B3131212637FA01004E044D /* Info.plist */ = {isa = PBXFileReference; lastKnownFileType = text.plist.xml; path = Info.plist; sourceTree = "<group>"; };
/* End PBXFileReference section */

/* Begin PBXFrameworksBuildPhase section */
		0B3130FC2637F9F3004E044D /* Frameworks */ = {
			isa = PBXFrameworksBuildPhase;
			buildActionMask = 2147483647;
			files = (
			);
			runOnlyForDeploymentPostprocessing = 0;
		};
		0B31310D2637FA01004E044D /* Frameworks */ = {
			isa = PBXFrameworksBuildPhase;
			buildActionMask = 2147483647;
			files = (
			);
			runOnlyForDeploymentPostprocessing = 0;
		};
		0B3131182637FA01004E044D /* Frameworks */ = {
			isa = PBXFrameworksBuildPhase;
			buildActionMask = 2147483647;
			files = (
			);
			runOnlyForDeploymentPostprocessing = 0;
		};
/* End PBXFrameworksBuildPhase section */

/* Begin PBXGroup section */
		0B3130F62637F9F3004E044D = {
			isa = PBXGroup;
			children = (
				0B3131012637F9F3004E044D /* HelloDemoApp */,
				0B3131132637FA01004E044D /* HelloDemoAppTests */,
				0B31311E2637FA01004E044D /* HelloDemoAppUITests */,
				0B3131002637F9F3004E044D /* Products */,
			);
			sourceTree = "<group>";
		};
		0B3131002637F9F3004E044D /* Products */ = {
			isa = PBXGroup;
			children = (
				0B3130FF2637F9F3004E044D /* HelloDemoApp.app */,
				0B3131102637FA01004E044D /* HelloDemoAppTests.xctest */,
				0B31311B2637FA01004E044D /* HelloDemoAppUITests.xctest */,
			);
			name = Products;
			sourceTree = "<group>";
		};
		0B3131012637F9F3004E044D /* HelloDemoApp */ = {
			isa = PBXGroup;
			children = (
				0B3131022637F9F3004E044D /* HelloDemoAppApp.swift */,
				0B3131042637F9F3004E044D /* ContentView.swift */,
				0B3131062637FA00004E044D /* Assets.xcassets */,
				0B31310B2637FA00004E044D /* Info.plist */,
				0B3131082637FA00004E044D /* Preview Content */,
			);
			path = HelloDemoApp;
			sourceTree = "<group>";
		};
		0B3131082637FA00004E044D /* Preview Content */ = {
			isa = PBXGroup;
			children = (
				0B3131092637FA00004E044D /* Preview Assets.xcassets */,
			);
			path = "Preview Content";
			sourceTree = "<group>";
		};
		0B3131132637FA01004E044D /* HelloDemoAppTests */ = {
			isa = PBXGroup;
			children = (
				0B3131142637FA01004E044D /* HelloDemoAppTests.swift */,
				0B3131162637FA01004E044D /* Info.plist */,
			);
			path = HelloDemoAppTests;
			sourceTree = "<group>";
		};
		0B31311E2637FA01004E044D /* HelloDemoAppUITests */ = {
			isa = PBXGroup;
			children = (
				0B31311F2637FA01004E044D /* HelloDemoAppUITests.swift */,
				0B3131212637FA01004E044D /* Info.plist */,
			);
			path = HelloDemoAppUITests;
			sourceTree = "<group>";
		};
/* End PBXGroup section */

/* Begin PBXNativeTarget section */
		0B3130FE2637F9F3004E044D /* HelloDemoApp */ = {
			isa = PBXNativeTarget;
			buildConfigurationList = 0B3131242637FA01004E044D /* Build configuration list for PBXNativeTarget "HelloDemoApp" */;
			buildPhases = (
				0B3130FB2637F9F3004E044D /* Sources */,
				0B3130FC2637F9F3004E044D /* Frameworks */,
				0B3130FD2637F9F3004E044D /* Resources */,
			);
			buildRules = (
			);
			dependencies = (
			);
			name = HelloDemoApp;
			productName = HelloDemoApp;
			productReference = 0B3130FF2637F9F3004E044D /* HelloDemoApp.app */;
			productType = "com.apple.product-type.application";
		};
		0B31310F2637FA01004E044D /* HelloDemoAppTests */ = {
			isa = PBXNativeTarget;
			buildConfigurationList = 0B3131272637FA01004E044D /* Build configuration list for PBXNativeTarget "HelloDemoAppTests" */;
			buildPhases = (
				0B31310C2637FA01004E044D /* Sources */,
				0B31310D2637FA01004E044D /* Frameworks */,
				0B31310E2637FA01004E044D /* Resources */,
			);
			buildRules = (
			);
			dependencies = (
				0B3131122637FA01004E044D /* PBXTargetDependency */,
			);
			name = HelloDemoAppTests;
			productName = HelloDemoAppTests;
			productReference = 0B3131102637FA01004E044D /* HelloDemoAppTests.xctest */;
			productType = "com.apple.product-type.bundle.unit-test";
		};
		0B31311A2637FA01004E044D /* HelloDemoAppUITests */ = {
			isa = PBXNativeTarget;
			buildConfigurationList = 0B31312A2637FA01004E044D /* Build configuration list for PBXNativeTarget "HelloDemoAppUITests" */;
			buildPhases = (
				0B3131172637FA01004E044D /* Sources */,
				0B3131182637FA01004E044D /* Frameworks */,
				0B3131192637FA01004E044D /* Resources */,
			);
			buildRules = (
			);
			dependencies = (
				0B31311D2637FA01004E044D /* PBXTargetDependency */,
			);
			name = HelloDemoAppUITests;
			productName = HelloDemoAppUITests;
			productReference = 0B31311B2637FA01004E044D /* HelloDemoAppUITests.xctest */;
			productType = "com.apple.product-type.bundle.ui-testing";
		};
/* End PBXNativeTarget section */

/* Begin PBXProject section */
		0B3130F72637F9F3004E044D /* Project object */ = {
			isa = PBXProject;
			attributes = {
				LastSwiftUpdateCheck = 1240;
				LastUpgradeCheck = 1240;
				TargetAttributes = {
					0B3130FE2637F9F3004E044D = {
						CreatedOnToolsVersion = 12.4;
					};
					0B31310F2637FA01004E044D = {
						CreatedOnToolsVersion = 12.4;
						TestTargetID = 0B3130FE2637F9F3004E044D;
					};
					0B31311A2637FA01004E044D = {
						CreatedOnToolsVersion = 12.4;
						TestTargetID = 0B3130FE2637F9F3004E044D;
					};
				};
			};
			buildConfigurationList = 0B3130FA2637F9F3004E044D /* Build configuration list for PBXProject "HelloDemoApp" */;
			compatibilityVersion = "Xcode 9.3";
			developmentRegion = en;
			hasScannedForEncodings = 0;
			knownRegions = (
				en,
				Base,
			);
			mainGroup = 0B3130F62637F9F3004E044D;
			productRefGroup = 0B3131002637F9F3004E044D /* Products */;
			projectDirPath = "";
			projectRoot = "";
			targets = (
				0B3130FE2637F9F3004E044D /* HelloDemoApp */,
				0B31310F2637FA01004E044D /* HelloDemoAppTests */,
				0B31311A2637FA01004E044D /* HelloDemoAppUITests */,
			);
		};
/* End PBXProject section */

/* Begin PBXResourcesBuildPhase section */
		0B3130FD2637F9F3004E044D /* Resources */ = {
			isa = PBXResourcesBuildPhase;
			buildActionMask = 2147483647;
			files = (
				0B31310A2637FA00004E044D /* Preview Assets.xcassets in Resources */,
				0B3131072637FA00004E044D /* Assets.xcassets in Resources */,
			);
			runOnlyForDeploymentPostprocessing = 0;
		};
		0B31310E2637FA01004E044D /* Resources */ = {
			isa = PBXResourcesBuildPhase;
			buildActionMask = 2147483647;
			files = (
			);
			runOnlyForDeploymentPostprocessing = 0;
		};
		0B3131192637FA01004E044D /* Resources */ = {
			isa = PBXResourcesBuildPhase;
			buildActionMask = 2147483647;
			files = (
			);
			runOnlyForDeploymentPostprocessing = 0;
		};
/* End PBXResourcesBuildPhase section */

/* Begin PBXSourcesBuildPhase section */
		0B3130FB2637F9F3004E044D /* Sources */ = {
			isa = PBXSourcesBuildPhase;
			buildActionMask = 2147483647;
			files = (
				0B3131052637F9F3004E044D /* ContentView.swift in Sources */,
				0B3131032637F9F3004E044D /* HelloDemoAppApp.swift in Sources */,
			);
			runOnlyForDeploymentPostprocessing = 0;
		};
		0B31310C2637FA01004E044D /* Sources */ = {
			isa = PBXSourcesBuildPhase;
			buildActionMask = 2147483647;
			files = (
				0B3131152637FA01004E044D /* HelloDemoAppTests.swift in Sources */,
			);
			runOnlyForDeploymentPostprocessing = 0;
		};
		0B3131172637FA01004E044D /* Sources */ = {
			isa = PBXSourcesBuildPhase;
			buildActionMask = 2147483647;
			files = (
				0B3131202637FA01004E044D /* HelloDemoAppUITests.swift in Sources */,
			);
			runOnlyForDeploymentPostprocessing = 0;
		};
/* End PBXSourcesBuildPhase section */

/* Begin PBXTargetDependency section */
		0B3131122637FA01004E044D /* PBXTargetDependency */ = {
			isa = PBXTargetDependency;
			target = 0B3130FE2637F9F3004E044D /* HelloDemoApp */;
			targetProxy = 0B3131112637FA01004E044D /* PBXContainerItemProxy */;
		};
		0B31311D2637FA01004E044D /* PBXTargetDependency */ = {
			isa = PBXTargetDependency;
			target = 0B3130FE2637F9F3004E044D /* HelloDemoApp */;
			targetProxy = 0B31311C2637FA01004E044D /* PBXContainerItemProxy */;
		};
/* End PBXTargetDependency section */

/* Begin XCBuildConfiguration section */
		0B3131222637FA01004E044D /* Debug */ = {
			isa = XCBuildConfiguration;
			buildSettings = {
				ALWAYS_SEARCH_USER_PATHS = NO;
				CLANG_ANALYZER_NONNULL = YES;
				CLANG_ANALYZER_NUMBER_OBJECT_CONVERSION = YES_AGGRESSIVE;
				CLANG_CXX_LANGUAGE_STANDARD = "gnu++14";
				CLANG_CXX_LIBRARY = "libc++";
				CLANG_ENABLE_MODULES = YES;
				CLANG_ENABLE_OBJC_ARC = YES;
				CLANG_ENABLE_OBJC_WEAK = YES;
				CLANG_WARN_BLOCK_CAPTURE_AUTORELEASING = YES;
				CLANG_WARN_BOOL_CONVERSION = YES;
				CLANG_WARN_COMMA = YES;
				CLANG_WARN_CONSTANT_CONVERSION = YES;
				CLANG_WARN_DEPRECATED_OBJC_IMPLEMENTATIONS = YES;
				CLANG_WARN_DIRECT_OBJC_ISA_USAGE = YES_ERROR;
				CLANG_WARN_DOCUMENTATION_COMMENTS = YES;
				CLANG_WARN_EMPTY_BODY = YES;
				CLANG_WARN_ENUM_CONVERSION = YES;
				CLANG_WARN_INFINITE_RECURSION = YES;
				CLANG_WARN_INT_CONVERSION = YES;
				CLANG_WARN_NON_LITERAL_NULL_CONVERSION = YES;
				CLANG_WARN_OBJC_IMPLICIT_RETAIN_SELF = YES;
				CLANG_WARN_OBJC_LITERAL_CONVERSION = YES;
				CLANG_WARN_OBJC_ROOT_CLASS = YES_ERROR;
				CLANG_WARN_QUOTED_INCLUDE_IN_FRAMEWORK_HEADER = YES;
				CLANG_WARN_RANGE_LOOP_ANALYSIS = YES;
				CLANG_WARN_STRICT_PROTOTYPES = YES;
				CLANG_WARN_SUSPICIOUS_MOVE = YES;
				CLANG_WARN_UNGUARDED_AVAILABILITY = YES_AGGRESSIVE;
				CLANG_WARN_UNREACHABLE_CODE = YES;
				CLANG_WARN__DUPLICATE_METHOD_MATCH = YES;
				COPY_PHASE_STRIP = NO;
				DEBUG_INFORMATION_FORMAT = dwarf;
				ENABLE_STRICT_OBJC_MSGSEND = YES;
				ENABLE_TESTABILITY = YES;
				GCC_C_LANGUAGE_STANDARD = gnu11;
				GCC_DYNAMIC_NO_PIC = NO;
				GCC_NO_COMMON_BLOCKS = YES;
				GCC_OPTIMIZATION_LEVEL = 0;
				GCC_PREPROCESSOR_DEFINITIONS = (
					"DEBUG=1",
					"$(inherited)",
				);
				GCC_WARN_64_TO_32_BIT_CONVERSION = YES;
				GCC_WARN_ABOUT_RETURN_TYPE = YES_ERROR;
				GCC_WARN_UNDECLARED_SELECTOR = YES;
				GCC_WARN_UNINITIALIZED_AUTOS = YES_AGGRESSIVE;
				GCC_WARN_UNUSED_FUNCTION = YES;
				GCC_WARN_UNUSED_VARIABLE = YES;
				IPHONEOS_DEPLOYMENT_TARGET = 14.4;
				MTL_ENABLE_DEBUG_INFO = INCLUDE_SOURCE;
				MTL_FAST_MATH = YES;
				ONLY_ACTIVE_ARCH = YES;
				SDKROOT = iphoneos;
				SWIFT_ACTIVE_COMPILATION_CONDITIONS = DEBUG;
				SWIFT_OPTIMIZATION_LEVEL = "-Onone";
			};
			name = Debug;
		};
		0B3131232637FA01004E044D /* Release */ = {
			isa = XCBuildConfiguration;
			buildSettings = {
				ALWAYS_SEARCH_USER_PATHS = NO;
				CLANG_ANALYZER_NONNULL = YES;
				CLANG_ANALYZER_NUMBER_OBJECT_CONVERSION = YES_AGGRESSIVE;
				CLANG_CXX_LANGUAGE_STANDARD = "gnu++14";
				CLANG_CXX_LIBRARY = "libc++";
				CLANG_ENABLE_MODULES = YES;
				CLANG_ENABLE_OBJC_ARC = YES;
				CLANG_ENABLE_OBJC_WEAK = YES;
				CLANG_WARN_BLOCK_CAPTURE_AUTORELEASING = YES;
				CLANG_WARN_BOOL_CONVERSION = YES;
				CLANG_WARN_COMMA = YES;
				CLANG_WARN_CONSTANT_CONVERSION = YES;
				CLANG_WARN_DEPRECATED_OBJC_IMPLEMENTATIONS = YES;
				CLANG_WARN_DIRECT_OBJC_ISA_USAGE = YES_ERROR;
				CLANG_WARN_DOCUMENTATION_COMMENTS = YES;
				CLANG_WARN_EMPTY_BODY = YES;
				CLANG_WARN_ENUM_CONVERSION = YES;
				CLANG_WARN_INFINITE_RECURSION = YES;
				CLANG_WARN_INT_CONVERSION = YES;
				CLANG_WARN_NON_LITERAL_NULL_CONVERSION = YES;
				CLANG_WARN_OBJC_IMPLICIT_RETAIN_SELF = YES;
				CLANG_WARN_OBJC_LITERAL_CONVERSION = YES;
				CLANG_WARN_OBJC_ROOT_CLASS = YES_ERROR;
				CLANG_WARN_QUOTED_INCLUDE_IN_FRAMEWORK_HEADER = YES;
				CLANG_WARN_RANGE_LOOP_ANALYSIS = YES;
				CLANG_WARN_STRICT_PROTOTYPES = YES;
				CLANG_WARN_SUSPICIOUS_MOVE = YES;
				CLANG_WARN_UNGUARDED_AVAILABILITY = YES_AGGRESSIVE;
				CLANG_WARN_UNREACHABLE_CODE = YES;
				CLANG_WARN__DUPLICATE_METHOD_MATCH = YES;
				COPY_PHASE_STRIP = NO;
				DEBUG_INFORMATION_FORMAT = "dwarf-with-dsym";
				ENABLE_NS_ASSERTIONS = NO;
				ENABLE_STRICT_OBJC_MSGSEND = YES;
				GCC_C_LANGUAGE_STANDARD = gnu11;
				GCC_NO_COMMON_BLOCKS = YES;
				GCC_WARN_64_TO_32_BIT_CONVERSION = YES;
				GCC_WARN_ABOUT_RETURN_TYPE = YES_ERROR;
				GCC_WARN_UNDECLARED_SELECTOR = YES;
				GCC_WARN_UNINITIALIZED_AUTOS = YES_AGGRESSIVE;
				GCC_WARN_UNUSED_FUNCTION = YES;
				GCC_WARN_UNUSED_VARIABLE = YES;
				IPHONEOS_DEPLOYMENT_TARGET = 14.4;
				MTL_ENABLE_DEBUG_INFO = NO;
				MTL_FAST_MATH = YES;
				SDKROOT = iphoneos;
				SWIFT_COMPILATION_MODE = wholemodule;
				SWIFT_OPTIMIZATION_LEVEL = "-O";
				VALIDATE_PRODUCT = YES;
			};
			name = Release;
		};
		0B3131252637FA01004E044D /* Debug */ = {
			isa = XCBuildConfiguration;
			buildSettings = {
				ASSETCATALOG_COMPILER_APPICON_NAME = AppIcon;
				ASSETCATALOG_COMPILER_GLOBAL_ACCENT_COLOR_NAME = AccentColor;
				CODE_SIGN_STYLE = Automatic;
				DEVELOPMENT_ASSET_PATHS = "\"HelloDemoApp/Preview Content\"";
				DEVELOPMENT_TEAM = JND9XWCEGQ;
				ENABLE_PREVIEWS = YES;
				INFOPLIST_FILE = HelloDemoApp/Info.plist;
				IPHONEOS_DEPLOYMENT_TARGET = 14.0;
				LD_RUNPATH_SEARCH_PATHS = (
					"$(inherited)",
					"@executable_path/Frameworks",
				);
				PRODUCT_BUNDLE_IDENTIFIER = com.miadaddy.HelloDemoApp;
				PRODUCT_NAME = "$(TARGET_NAME)";
				SWIFT_VERSION = 5.0;
				TARGETED_DEVICE_FAMILY = "1,2";
			};
			name = Debug;
		};
		0B3131262637FA01004E044D /* Release */ = {
			isa = XCBuildConfiguration;
			buildSettings = {
				ASSETCATALOG_COMPILER_APPICON_NAME = AppIcon;
				ASSETCATALOG_COMPILER_GLOBAL_ACCENT_COLOR_NAME = AccentColor;
				CODE_SIGN_STYLE = Automatic;
				DEVELOPMENT_ASSET_PATHS = "\"HelloDemoApp/Preview Content\"";
				DEVELOPMENT_TEAM = JND9XWCEGQ;
				ENABLE_PREVIEWS = YES;
				INFOPLIST_FILE = HelloDemoApp/Info.plist;
				IPHONEOS_DEPLOYMENT_TARGET = 14.0;
				LD_RUNPATH_SEARCH_PATHS = (
					"$(inherited)",
					"@executable_path/Frameworks",
				);
				PRODUCT_BUNDLE_IDENTIFIER = com.miadaddy.HelloDemoApp;
				PRODUCT_NAME = "$(TARGET_NAME)";
				SWIFT_VERSION = 5.0;
				TARGETED_DEVICE_FAMILY = "1,2";
			};
			name = Release;
		};
		0B3131282637FA01004E044D /* Debug */ = {
			isa = XCBuildConfiguration;
			buildSettings = {
				ALWAYS_EMBED_SWIFT_STANDARD_LIBRARIES = YES;
				BUNDLE_LOADER = "$(TEST_HOST)";
				CODE_SIGN_STYLE = Automatic;
				DEVELOPMENT_TEAM = JND9XWCEGQ;
				INFOPLIST_FILE = HelloDemoAppTests/Info.plist;
				IPHONEOS_DEPLOYMENT_TARGET = 14.0;
				LD_RUNPATH_SEARCH_PATHS = (
					"$(inherited)",
					"@executable_path/Frameworks",
					"@loader_path/Frameworks",
				);
				PRODUCT_BUNDLE_IDENTIFIER = com.miadaddy.HelloDemoAppTests;
				PRODUCT_NAME = "$(TARGET_NAME)";
				SWIFT_VERSION = 5.0;
				TARGETED_DEVICE_FAMILY = "1,2";
				TEST_HOST = "$(BUILT_PRODUCTS_DIR)/HelloDemoApp.app/HelloDemoApp";
			};
			name = Debug;
		};
		0B3131292637FA01004E044D /* Release */ = {
			isa = XCBuildConfiguration;
			buildSettings = {
				ALWAYS_EMBED_SWIFT_STANDARD_LIBRARIES = YES;
				BUNDLE_LOADER = "$(TEST_HOST)";
				CODE_SIGN_STYLE = Automatic;
				DEVELOPMENT_TEAM = JND9XWCEGQ;
				INFOPLIST_FILE = HelloDemoAppTests/Info.plist;
				IPHONEOS_DEPLOYMENT_TARGET = 14.0;
				LD_RUNPATH_SEARCH_PATHS = (
					"$(inherited)",
					"@executable_path/Frameworks",
					"@loader_path/Frameworks",
				);
				PRODUCT_BUNDLE_IDENTIFIER = com.miadaddy.HelloDemoAppTests;
				PRODUCT_NAME = "$(TARGET_NAME)";
				SWIFT_VERSION = 5.0;
				TARGETED_DEVICE_FAMILY = "1,2";
				TEST_HOST = "$(BUILT_PRODUCTS_DIR)/HelloDemoApp.app/HelloDemoApp";
			};
			name = Release;
		};
		0B31312B2637FA01004E044D /* Debug */ = {
			isa = XCBuildConfiguration;
			buildSettings = {
				ALWAYS_EMBED_SWIFT_STANDARD_LIBRARIES = YES;
				CODE_SIGN_STYLE = Automatic;
				DEVELOPMENT_TEAM = JND9XWCEGQ;
				INFOPLIST_FILE = HelloDemoAppUITests/Info.plist;
				LD_RUNPATH_SEARCH_PATHS = (
					"$(inherited)",
					"@executable_path/Frameworks",
					"@loader_path/Frameworks",
				);
				PRODUCT_BUNDLE_IDENTIFIER = com.miadaddy.HelloDemoAppUITests;
				PRODUCT_NAME = "$(TARGET_NAME)";
				SWIFT_VERSION = 5.0;
				TARGETED_DEVICE_FAMILY = "1,2";
				TEST_TARGET_NAME = HelloDemoApp;
			};
			name = Debug;
		};
		0B31312C2637FA01004E044D /* Release */ = {
			isa = XCBuildConfiguration;
			buildSettings = {
				ALWAYS_EMBED_SWIFT_STANDARD_LIBRARIES = YES;
				CODE_SIGN_STYLE = Automatic;
				DEVELOPMENT_TEAM = JND9XWCEGQ;
				INFOPLIST_FILE = HelloDemoAppUITests/Info.plist;
				LD_RUNPATH_SEARCH_PATHS = (
					"$(inherited)",
					"@executable_path/Frameworks",
					"@loader_path/Frameworks",
				);
				PRODUCT_BUNDLE_IDENTIFIER = com.miadaddy.HelloDemoAppUITests;
				PRODUCT_NAME = "$(TARGET_NAME)";
				SWIFT_VERSION = 5.0;
				TARGETED_DEVICE_FAMILY = "1,2";
				TEST_TARGET_NAME = HelloDemoApp;
			};
			name = Release;
		};
/* End XCBuildConfiguration section */

/* Begin XCConfigurationList section */
		0B3130FA2637F9F3004E044D /* Build configuration list for PBXProject "HelloDemoApp" */ = {
			isa = XCConfigurationList;
			buildConfigurations = (
				0B3131222637FA01004E044D /* Debug */,
				0B3131232637FA01004E044D /* Release */,
			);
			defaultConfigurationIsVisible = 0;
			defaultConfigurationName = Release;
		};
		0B3131242637FA01004E044D /* Build configuration list for PBXNativeTarget "HelloDemoApp" */ = {
			isa = XCConfigurationList;
			buildConfigurations = (
				0B3131252637FA01004E044D /* Debug */,
				0B3131262637FA01004E044D /* Release */,
			);
			defaultConfigurationIsVisible = 0;
			defaultConfigurationName = Release;
		};
		0B3131272637FA01004E044D /* Build configuration list for PBXNativeTarget "HelloDemoAppTests" */ = {
			isa = XCConfigurationList;
			buildConfigurations = (
				0B3131282637FA01004E044D /* Debug */,
				0B3131292637FA01004E044D /* Release */,
			);
			defaultConfigurationIsVisible = 0;
			defaultConfigurationName = Release;
		};
		0B31312A2637FA01004E044D /* Build configuration list for PBXNativeTarget "HelloDemoAppUITests" */ = {
			isa = XCConfigurationList;
			buildConfigurations = (
				0B31312B2637FA01004E044D /* Debug */,
				0B31312C2637FA01004E044D /* Release */,
			);
			defaultConfigurationIsVisible = 0;
			defaultConfigurationName = Release;
		};
/* End XCConfigurationList section */
	};
	rootObject = 0B3130F72637F9F3004E044D /* Project object */;
}
